
Microsoft Visual Studio Solution File, Format Version 12.00
# Visual Studio Version 17
VisualStudioVersion = 17.0.31903.59
MinimumVisualStudioVersion = 10.0.40219.1
Project("{2150E333-8FDC-42A3-9474-1A3956D46DE8}") = "src", "src", "{84806AB4-BBE7-4CD4-B234-D8DA5D32161C}"
EndProject
Project("{2150E333-8FDC-42A3-9474-1A3956D46DE8}") = "Services", "Services", "{62691D2F-75F2-41BC-A4F0-6C23A3F0435C}"
EndProject
Project("{2150E333-8FDC-42A3-9474-1A3956D46DE8}") = "Contact", "Contact", "{43D3D882-EB95-444E-8EC8-510CCC5ADA20}"
EndProject
Project("{2150E333-8FDC-42A3-9474-1A3956D46DE8}") = "Report", "Report", "{4B5657CE-0027-4D60-9E3A-F8C57FAEE3F5}"
EndProject
Project("{9A19103F-16F7-4668-BE54-9A1E7A4F7556}") = "Contact.API", "Contact.API\Contact.API.csproj", "{D4B35B1D-E1F7-44C5-B67B-64AED621D5C6}"
EndProject
Project("{9A19103F-16F7-4668-BE54-9A1E7A4F7556}") = "Report.API", "Report.API\Report.API.csproj", "{3AB8C68C-C34E-4040-8D50-A1E8FD320A4B}"
EndProject
Project("{9A19103F-16F7-4668-BE54-9A1E7A4F7556}") = "Contact.Domain", "Contact.Domain\Contact.Domain.csproj", "{570DEEFA-D400-4824-981D-0B9B3DCC5D7A}"
EndProject
Project("{9A19103F-16F7-4668-BE54-9A1E7A4F7556}") = "Contact.Application", "Contact.Application\Contact.Application.csproj", "{12A6C0AE-A31C-4D9F-A0F3-4704184805D6}"
EndProject
Project("{9A19103F-16F7-4668-BE54-9A1E7A4F7556}") = "Report.Application", "Report.Application\Report.Application.csproj", "{6F3EC93A-5784-4633-9300-107578460E95}"
EndProject
Project("{9A19103F-16F7-4668-BE54-9A1E7A4F7556}") = "Report.Domain", "Report.Domain\Report.Domain.csproj", "{222B3B87-D128-4C92-A0DA-E139070A2E84}"
EndProject
Project("{2150E333-8FDC-42A3-9474-1A3956D46DE8}") = "BackgroundTasks", "BackgroundTasks", "{DBC8D701-DCE3-494D-A851-F3FE04080363}"
EndProject
Project("{9A19103F-16F7-4668-BE54-9A1E7A4F7556}") = "ReportCreatorWorker", "ReportCreatorWorker\ReportCreatorWorker.csproj", "{7AB034F8-C5B2-484F-953A-01961FE797F4}"
EndProject
Project("{9A19103F-16F7-4668-BE54-9A1E7A4F7556}") = "Report.Infrastructure", "Report.Infrastructure\Report.Infrastructure.csproj", "{31B7ED24-7790-4DC4-B80B-581A2B5DC9CC}"
EndProject
Project("{9A19103F-16F7-4668-BE54-9A1E7A4F7556}") = "Contact.Infrastructure", "Contact.Infrastructure\Contact.Infrastructure.csproj", "{26D7892E-8676-45BA-9E83-1E08CCA66F8A}"
EndProject
Project("{2150E333-8FDC-42A3-9474-1A3956D46DE8}") = "Contact.UnitTests", "Contact.UnitTests", "{3B2AD4C6-D577-4D59-8D38-31199F3061F3}"
EndProject
Project("{FAE04EC0-301F-11D3-BF4B-00C04F79EFBC}") = "Contact.UnitTests", "Contact.UnitTests\Contact.UnitTests.csproj", "{70871621-6308-42B1-B2DE-F6D819E4A491}"
EndProject
Project("{2150E333-8FDC-42A3-9474-1A3956D46DE8}") = "Report.UnitTests", "Report.UnitTests", "{3C07668D-35D6-46DD-838E-9B8E3C552487}"
EndProject
Project("{FAE04EC0-301F-11D3-BF4B-00C04F79EFBC}") = "Report.UnitTests", "Report.UnitTests\Report.UnitTests.csproj", "{E0BF74C8-52FD-451E-AA16-6496D6BE8446}"
EndProject
Project("{2150E333-8FDC-42A3-9474-1A3956D46DE8}") = "Gateway", "Gateway", "{F784614A-D34C-444A-A563-C48818A3792E}"
EndProject
Project("{FAE04EC0-301F-11D3-BF4B-00C04F79EFBC}") = "Guide.Gateway", "Guide.Gateway\Guide.Gateway.csproj", "{9C02E6E6-1531-4D99-A140-723A40AFE3E0}"
EndProject
Global
	GlobalSection(SolutionConfigurationPlatforms) = preSolution
		Debug|Any CPU = Debug|Any CPU
		Release|Any CPU = Release|Any CPU
	EndGlobalSection
	GlobalSection(ProjectConfigurationPlatforms) = postSolution
		{D4B35B1D-E1F7-44C5-B67B-64AED621D5C6}.Debug|Any CPU.ActiveCfg = Debug|Any CPU
		{D4B35B1D-E1F7-44C5-B67B-64AED621D5C6}.Debug|Any CPU.Build.0 = Debug|Any CPU
		{D4B35B1D-E1F7-44C5-B67B-64AED621D5C6}.Release|Any CPU.ActiveCfg = Release|Any CPU
		{D4B35B1D-E1F7-44C5-B67B-64AED621D5C6}.Release|Any CPU.Build.0 = Release|Any CPU
		{3AB8C68C-C34E-4040-8D50-A1E8FD320A4B}.Debug|Any CPU.ActiveCfg = Debug|Any CPU
		{3AB8C68C-C34E-4040-8D50-A1E8FD320A4B}.Debug|Any CPU.Build.0 = Debug|Any CPU
		{3AB8C68C-C34E-4040-8D50-A1E8FD320A4B}.Release|Any CPU.ActiveCfg = Release|Any CPU
		{3AB8C68C-C34E-4040-8D50-A1E8FD320A4B}.Release|Any CPU.Build.0 = Release|Any CPU
		{570DEEFA-D400-4824-981D-0B9B3DCC5D7A}.Debug|Any CPU.ActiveCfg = Debug|Any CPU
		{570DEEFA-D400-4824-981D-0B9B3DCC5D7A}.Debug|Any CPU.Build.0 = Debug|Any CPU
		{570DEEFA-D400-4824-981D-0B9B3DCC5D7A}.Release|Any CPU.ActiveCfg = Release|Any CPU
		{570DEEFA-D400-4824-981D-0B9B3DCC5D7A}.Release|Any CPU.Build.0 = Release|Any CPU
		{12A6C0AE-A31C-4D9F-A0F3-4704184805D6}.Debug|Any CPU.ActiveCfg = Debug|Any CPU
		{12A6C0AE-A31C-4D9F-A0F3-4704184805D6}.Debug|Any CPU.Build.0 = Debug|Any CPU
		{12A6C0AE-A31C-4D9F-A0F3-4704184805D6}.Release|Any CPU.ActiveCfg = Release|Any CPU
		{12A6C0AE-A31C-4D9F-A0F3-4704184805D6}.Release|Any CPU.Build.0 = Release|Any CPU
		{6F3EC93A-5784-4633-9300-107578460E95}.Debug|Any CPU.ActiveCfg = Debug|Any CPU
		{6F3EC93A-5784-4633-9300-107578460E95}.Debug|Any CPU.Build.0 = Debug|Any CPU
		{6F3EC93A-5784-4633-9300-107578460E95}.Release|Any CPU.ActiveCfg = Release|Any CPU
		{6F3EC93A-5784-4633-9300-107578460E95}.Release|Any CPU.Build.0 = Release|Any CPU
		{222B3B87-D128-4C92-A0DA-E139070A2E84}.Debug|Any CPU.ActiveCfg = Debug|Any CPU
		{222B3B87-D128-4C92-A0DA-E139070A2E84}.Debug|Any CPU.Build.0 = Debug|Any CPU
		{222B3B87-D128-4C92-A0DA-E139070A2E84}.Release|Any CPU.ActiveCfg = Release|Any CPU
		{222B3B87-D128-4C92-A0DA-E139070A2E84}.Release|Any CPU.Build.0 = Release|Any CPU
		{7AB034F8-C5B2-484F-953A-01961FE797F4}.Debug|Any CPU.ActiveCfg = Debug|Any CPU
		{7AB034F8-C5B2-484F-953A-01961FE797F4}.Debug|Any CPU.Build.0 = Debug|Any CPU
		{7AB034F8-C5B2-484F-953A-01961FE797F4}.Release|Any CPU.ActiveCfg = Release|Any CPU
		{7AB034F8-C5B2-484F-953A-01961FE797F4}.Release|Any CPU.Build.0 = Release|Any CPU
		{31B7ED24-7790-4DC4-B80B-581A2B5DC9CC}.Debug|Any CPU.ActiveCfg = Debug|Any CPU
		{31B7ED24-7790-4DC4-B80B-581A2B5DC9CC}.Debug|Any CPU.Build.0 = Debug|Any CPU
		{31B7ED24-7790-4DC4-B80B-581A2B5DC9CC}.Release|Any CPU.ActiveCfg = Release|Any CPU
		{31B7ED24-7790-4DC4-B80B-581A2B5DC9CC}.Release|Any CPU.Build.0 = Release|Any CPU
		{26D7892E-8676-45BA-9E83-1E08CCA66F8A}.Debug|Any CPU.ActiveCfg = Debug|Any CPU
		{26D7892E-8676-45BA-9E83-1E08CCA66F8A}.Debug|Any CPU.Build.0 = Debug|Any CPU
		{26D7892E-8676-45BA-9E83-1E08CCA66F8A}.Release|Any CPU.ActiveCfg = Release|Any CPU
		{26D7892E-8676-45BA-9E83-1E08CCA66F8A}.Release|Any CPU.Build.0 = Release|Any CPU
		{70871621-6308-42B1-B2DE-F6D819E4A491}.Debug|Any CPU.ActiveCfg = Debug|Any CPU
		{70871621-6308-42B1-B2DE-F6D819E4A491}.Debug|Any CPU.Build.0 = Debug|Any CPU
		{70871621-6308-42B1-B2DE-F6D819E4A491}.Release|Any CPU.ActiveCfg = Release|Any CPU
		{70871621-6308-42B1-B2DE-F6D819E4A491}.Release|Any CPU.Build.0 = Release|Any CPU
		{E0BF74C8-52FD-451E-AA16-6496D6BE8446}.Debug|Any CPU.ActiveCfg = Debug|Any CPU
		{E0BF74C8-52FD-451E-AA16-6496D6BE8446}.Debug|Any CPU.Build.0 = Debug|Any CPU
		{E0BF74C8-52FD-451E-AA16-6496D6BE8446}.Release|Any CPU.ActiveCfg = Release|Any CPU
		{E0BF74C8-52FD-451E-AA16-6496D6BE8446}.Release|Any CPU.Build.0 = Release|Any CPU
		{9C02E6E6-1531-4D99-A140-723A40AFE3E0}.Debug|Any CPU.ActiveCfg = Debug|Any CPU
		{9C02E6E6-1531-4D99-A140-723A40AFE3E0}.Debug|Any CPU.Build.0 = Debug|Any CPU
		{9C02E6E6-1531-4D99-A140-723A40AFE3E0}.Release|Any CPU.ActiveCfg = Release|Any CPU
		{9C02E6E6-1531-4D99-A140-723A40AFE3E0}.Release|Any CPU.Build.0 = Release|Any CPU
	EndGlobalSection
	GlobalSection(SolutionProperties) = preSolution
		HideSolutionNode = FALSE
	EndGlobalSection
	GlobalSection(NestedProjects) = preSolution
		{62691D2F-75F2-41BC-A4F0-6C23A3F0435C} = {84806AB4-BBE7-4CD4-B234-D8DA5D32161C}
		{43D3D882-EB95-444E-8EC8-510CCC5ADA20} = {62691D2F-75F2-41BC-A4F0-6C23A3F0435C}
		{4B5657CE-0027-4D60-9E3A-F8C57FAEE3F5} = {62691D2F-75F2-41BC-A4F0-6C23A3F0435C}
		{D4B35B1D-E1F7-44C5-B67B-64AED621D5C6} = {43D3D882-EB95-444E-8EC8-510CCC5ADA20}
		{3AB8C68C-C34E-4040-8D50-A1E8FD320A4B} = {4B5657CE-0027-4D60-9E3A-F8C57FAEE3F5}
		{570DEEFA-D400-4824-981D-0B9B3DCC5D7A} = {43D3D882-EB95-444E-8EC8-510CCC5ADA20}
		{12A6C0AE-A31C-4D9F-A0F3-4704184805D6} = {43D3D882-EB95-444E-8EC8-510CCC5ADA20}
		{6F3EC93A-5784-4633-9300-107578460E95} = {4B5657CE-0027-4D60-9E3A-F8C57FAEE3F5}
		{222B3B87-D128-4C92-A0DA-E139070A2E84} = {4B5657CE-0027-4D60-9E3A-F8C57FAEE3F5}
		{DBC8D701-DCE3-494D-A851-F3FE04080363} = {4B5657CE-0027-4D60-9E3A-F8C57FAEE3F5}
		{7AB034F8-C5B2-484F-953A-01961FE797F4} = {DBC8D701-DCE3-494D-A851-F3FE04080363}
		{31B7ED24-7790-4DC4-B80B-581A2B5DC9CC} = {4B5657CE-0027-4D60-9E3A-F8C57FAEE3F5}
		{26D7892E-8676-45BA-9E83-1E08CCA66F8A} = {43D3D882-EB95-444E-8EC8-510CCC5ADA20}
		{3B2AD4C6-D577-4D59-8D38-31199F3061F3} = {43D3D882-EB95-444E-8EC8-510CCC5ADA20}
		{70871621-6308-42B1-B2DE-F6D819E4A491} = {3B2AD4C6-D577-4D59-8D38-31199F3061F3}
		{3C07668D-35D6-46DD-838E-9B8E3C552487} = {4B5657CE-0027-4D60-9E3A-F8C57FAEE3F5}
		{E0BF74C8-52FD-451E-AA16-6496D6BE8446} = {3C07668D-35D6-46DD-838E-9B8E3C552487}
		{F784614A-D34C-444A-A563-C48818A3792E} = {84806AB4-BBE7-4CD4-B234-D8DA5D32161C}
		{9C02E6E6-1531-4D99-A140-723A40AFE3E0} = {F784614A-D34C-444A-A563-C48818A3792E}
	EndGlobalSection
	GlobalSection(ExtensibilityGlobals) = postSolution
		SolutionGuid = {45E980DC-C6FE-4D27-9463-2CFCD52521E0}
	EndGlobalSection
EndGlobal
